// !$*UTF8*$!
{
	archiveVersion = 1;
	classes = {
	};
	objectVersion = 56;
	objects = {

/* Begin PBXBuildFile section */
		F4D3FBDA2BE4FB1000816984 /* holog.gif in Resources */ = {isa = PBXBuildFile; fileRef = F4D3FBD92BE4FB1000816984 /* holog.gif */; };
		F4D772FF2BE13557004B7004 /* NatICApp.swift in Sources */ = {isa = PBXBuildFile; fileRef = F4D772FE2BE13557004B7004 /* NatICApp.swift */; };
		F4D773012BE13557004B7004 /* ContentView.swift in Sources */ = {isa = PBXBuildFile; fileRef = F4D773002BE13557004B7004 /* ContentView.swift */; };
		F4D773032BE13559004B7004 /* Assets.xcassets in Resources */ = {isa = PBXBuildFile; fileRef = F4D773022BE13559004B7004 /* Assets.xcassets */; };
		F4D773062BE13559004B7004 /* Preview Assets.xcassets in Resources */ = {isa = PBXBuildFile; fileRef = F4D773052BE13559004B7004 /* Preview Assets.xcassets */; };
		F4D773102BE13559004B7004 /* NatICTests.swift in Sources */ = {isa = PBXBuildFile; fileRef = F4D7730F2BE13559004B7004 /* NatICTests.swift */; };
		F4D7731A2BE13559004B7004 /* NatICUITests.swift in Sources */ = {isa = PBXBuildFile; fileRef = F4D773192BE13559004B7004 /* NatICUITests.swift */; };
		F4D7731C2BE13559004B7004 /* NatICUITestsLaunchTests.swift in Sources */ = {isa = PBXBuildFile; fileRef = F4D7731B2BE13559004B7004 /* NatICUITestsLaunchTests.swift */; };
		F4D773292BE135CE004B7004 /* Button.swift in Sources */ = {isa = PBXBuildFile; fileRef = F4D773282BE135CE004B7004 /* Button.swift */; };
		F4D7732D2BE13804004B7004 /* gif.swift in Sources */ = {isa = PBXBuildFile; fileRef = F4D7732C2BE13804004B7004 /* gif.swift */; };
/* End PBXBuildFile section */

/* Begin PBXContainerItemProxy section */
		F4D7730C2BE13559004B7004 /* PBXContainerItemProxy */ = {
			isa = PBXContainerItemProxy;
			containerPortal = F4D772F32BE13557004B7004 /* Project object */;
			proxyType = 1;
			remoteGlobalIDString = F4D772FA2BE13557004B7004;
			remoteInfo = NatIC;
		};
		F4D773162BE13559004B7004 /* PBXContainerItemProxy */ = {
			isa = PBXContainerItemProxy;
			containerPortal = F4D772F32BE13557004B7004 /* Project object */;
			proxyType = 1;
			remoteGlobalIDString = F4D772FA2BE13557004B7004;
			remoteInfo = NatIC;
		};
/* End PBXContainerItemProxy section */

/* Begin PBXFileReference section */
		F4D3FBD92BE4FB1000816984 /* holog.gif */ = {isa = PBXFileReference; lastKnownFileType = image.gif; path = holog.gif; sourceTree = "<group>"; };
		F4D772FB2BE13557004B7004 /* NatIC.app */ = {isa = PBXFileReference; explicitFileType = wrapper.application; includeInIndex = 0; path = NatIC.app; sourceTree = BUILT_PRODUCTS_DIR; };
		F4D772FE2BE13557004B7004 /* NatICApp.swift */ = {isa = PBXFileReference; lastKnownFileType = sourcecode.swift; path = NatICApp.swift; sourceTree = "<group>"; };
		F4D773002BE13557004B7004 /* ContentView.swift */ = {isa = PBXFileReference; lastKnownFileType = sourcecode.swift; path = ContentView.swift; sourceTree = "<group>"; };
		F4D773022BE13559004B7004 /* Assets.xcassets */ = {isa = PBXFileReference; lastKnownFileType = folder.assetcatalog; path = Assets.xcassets; sourceTree = "<group>"; };
		F4D773052BE13559004B7004 /* Preview Assets.xcassets */ = {isa = PBXFileReference; lastKnownFileType = folder.assetcatalog; path = "Preview Assets.xcassets"; sourceTree = "<group>"; };
		F4D7730B2BE13559004B7004 /* NatICTests.xctest */ = {isa = PBXFileReference; explicitFileType = wrapper.cfbundle; includeInIndex = 0; path = NatICTests.xctest; sourceTree = BUILT_PRODUCTS_DIR; };
		F4D7730F2BE13559004B7004 /* NatICTests.swift */ = {isa = PBXFileReference; lastKnownFileType = sourcecode.swift; path = NatICTests.swift; sourceTree = "<group>"; };
		F4D773152BE13559004B7004 /* NatICUITests.xctest */ = {isa = PBXFileReference; explicitFileType = wrapper.cfbundle; includeInIndex = 0; path = NatICUITests.xctest; sourceTree = BUILT_PRODUCTS_DIR; };
		F4D773192BE13559004B7004 /* NatICUITests.swift */ = {isa = PBXFileReference; lastKnownFileType = sourcecode.swift; path = NatICUITests.swift; sourceTree = "<group>"; };
		F4D7731B2BE13559004B7004 /* NatICUITestsLaunchTests.swift */ = {isa = PBXFileReference; lastKnownFileType = sourcecode.swift; path = NatICUITestsLaunchTests.swift; sourceTree = "<group>"; };
		F4D773282BE135CE004B7004 /* Button.swift */ = {isa = PBXFileReference; lastKnownFileType = sourcecode.swift; path = Button.swift; sourceTree = "<group>"; };
		F4D7732C2BE13804004B7004 /* gif.swift */ = {isa = PBXFileReference; lastKnownFileType = sourcecode.swift; path = gif.swift; sourceTree = "<group>"; };
/* End PBXFileReference section */

/* Begin PBXFrameworksBuildPhase section */
		F4D772F82BE13557004B7004 /* Frameworks */ = {
			isa = PBXFrameworksBuildPhase;
			buildActionMask = 2147483647;
			files = (
			);
			runOnlyForDeploymentPostprocessing = 0;
		};
		F4D773082BE13559004B7004 /* Frameworks */ = {
			isa = PBXFrameworksBuildPhase;
			buildActionMask = 2147483647;
			files = (
			);
			runOnlyForDeploymentPostprocessing = 0;
		};
		F4D773122BE13559004B7004 /* Frameworks */ = {
			isa = PBXFrameworksBuildPhase;
			buildActionMask = 2147483647;
			files = (
			);
			runOnlyForDeploymentPostprocessing = 0;
		};
/* End PBXFrameworksBuildPhase section */

/* Begin PBXGroup section */
		F4D772F22BE13557004B7004 = {
			isa = PBXGroup;
			children = (
				F4D772FD2BE13557004B7004 /* NatIC */,
				F4D7730E2BE13559004B7004 /* NatICTests */,
				F4D773182BE13559004B7004 /* NatICUITests */,
				F4D772FC2BE13557004B7004 /* Products */,
			);
			sourceTree = "<group>";
		};
		F4D772FC2BE13557004B7004 /* Products */ = {
			isa = PBXGroup;
			children = (
				F4D772FB2BE13557004B7004 /* NatIC.app */,
				F4D7730B2BE13559004B7004 /* NatICTests.xctest */,
				F4D773152BE13559004B7004 /* NatICUITests.xctest */,
			);
			name = Products;
			sourceTree = "<group>";
		};
		F4D772FD2BE13557004B7004 /* NatIC */ = {
			isa = PBXGroup;
			children = (
				F4D772FE2BE13557004B7004 /* NatICApp.swift */,
				F4D773002BE13557004B7004 /* ContentView.swift */,
				F4D7732C2BE13804004B7004 /* gif.swift */,
				F4D773282BE135CE004B7004 /* Button.swift */,
				F4D773022BE13559004B7004 /* Assets.xcassets */,
				F4D3FBD92BE4FB1000816984 /* holog.gif */,
				F4D773042BE13559004B7004 /* Preview Content */,
			);
			path = NatIC;
			sourceTree = "<group>";
		};
		F4D773042BE13559004B7004 /* Preview Content */ = {
			isa = PBXGroup;
			children = (
				F4D773052BE13559004B7004 /* Preview Assets.xcassets */,
			);
			path = "Preview Content";
			sourceTree = "<group>";
		};
		F4D7730E2BE13559004B7004 /* NatICTests */ = {
			isa = PBXGroup;
			children = (
				F4D7730F2BE13559004B7004 /* NatICTests.swift */,
			);
			path = NatICTests;
			sourceTree = "<group>";
		};
		F4D773182BE13559004B7004 /* NatICUITests */ = {
			isa = PBXGroup;
			children = (
				F4D773192BE13559004B7004 /* NatICUITests.swift */,
				F4D7731B2BE13559004B7004 /* NatICUITestsLaunchTests.swift */,
			);
			path = NatICUITests;
			sourceTree = "<group>";
		};
/* End PBXGroup section */

/* Begin PBXNativeTarget section */
		F4D772FA2BE13557004B7004 /* NatIC */ = {
			isa = PBXNativeTarget;
			buildConfigurationList = F4D7731F2BE13559004B7004 /* Build configuration list for PBXNativeTarget "NatIC" */;
			buildPhases = (
				F4D772F72BE13557004B7004 /* Sources */,
				F4D772F82BE13557004B7004 /* Frameworks */,
				F4D772F92BE13557004B7004 /* Resources */,
			);
			buildRules = (
			);
			dependencies = (
			);
			name = NatIC;
			productName = NatIC;
			productReference = F4D772FB2BE13557004B7004 /* NatIC.app */;
			productType = "com.apple.product-type.application";
		};
		F4D7730A2BE13559004B7004 /* NatICTests */ = {
			isa = PBXNativeTarget;
			buildConfigurationList = F4D773222BE13559004B7004 /* Build configuration list for PBXNativeTarget "NatICTests" */;
			buildPhases = (
				F4D773072BE13559004B7004 /* Sources */,
				F4D773082BE13559004B7004 /* Frameworks */,
				F4D773092BE13559004B7004 /* Resources */,
			);
			buildRules = (
			);
			dependencies = (
				F4D7730D2BE13559004B7004 /* PBXTargetDependency */,
			);
			name = NatICTests;
			productName = NatICTests;
			productReference = F4D7730B2BE13559004B7004 /* NatICTests.xctest */;
			productType = "com.apple.product-type.bundle.unit-test";
		};
		F4D773142BE13559004B7004 /* NatICUITests */ = {
			isa = PBXNativeTarget;
			buildConfigurationList = F4D773252BE13559004B7004 /* Build configuration list for PBXNativeTarget "NatICUITests" */;
			buildPhases = (
				F4D773112BE13559004B7004 /* Sources */,
				F4D773122BE13559004B7004 /* Frameworks */,
				F4D773132BE13559004B7004 /* Resources */,
			);
			buildRules = (
			);
			dependencies = (
				F4D773172BE13559004B7004 /* PBXTargetDependency */,
			);
			name = NatICUITests;
			productName = NatICUITests;
			productReference = F4D773152BE13559004B7004 /* NatICUITests.xctest */;
			productType = "com.apple.product-type.bundle.ui-testing";
		};
/* End PBXNativeTarget section */

/* Begin PBXProject section */
		F4D772F32BE13557004B7004 /* Project object */ = {
			isa = PBXProject;
			attributes = {
				BuildIndependentTargetsInParallel = 1;
				LastSwiftUpdateCheck = 1520;
				LastUpgradeCheck = 1520;
				TargetAttributes = {
					F4D772FA2BE13557004B7004 = {
						CreatedOnToolsVersion = 15.2;
					};
					F4D7730A2BE13559004B7004 = {
						CreatedOnToolsVersion = 15.2;
						TestTargetID = F4D772FA2BE13557004B7004;
					};
					F4D773142BE13559004B7004 = {
						CreatedOnToolsVersion = 15.2;
						TestTargetID = F4D772FA2BE13557004B7004;
					};
				};
			};
			buildConfigurationList = F4D772F62BE13557004B7004 /* Build configuration list for PBXProject "NatIC" */;
			compatibilityVersion = "Xcode 14.0";
			developmentRegion = en;
			hasScannedForEncodings = 0;
			knownRegions = (
				en,
				Base,
			);
			mainGroup = F4D772F22BE13557004B7004;
			productRefGroup = F4D772FC2BE13557004B7004 /* Products */;
			projectDirPath = "";
			projectRoot = "";
			targets = (
				F4D772FA2BE13557004B7004 /* NatIC */,
				F4D7730A2BE13559004B7004 /* NatICTests */,
				F4D773142BE13559004B7004 /* NatICUITests */,
			);
		};
/* End PBXProject section */

/* Begin PBXResourcesBuildPhase section */
		F4D772F92BE13557004B7004 /* Resources */ = {
			isa = PBXResourcesBuildPhase;
			buildActionMask = 2147483647;
			files = (
				F4D773062BE13559004B7004 /* Preview Assets.xcassets in Resources */,
				F4D3FBDA2BE4FB1000816984 /* holog.gif in Resources */,
				F4D773032BE13559004B7004 /* Assets.xcassets in Resources */,
			);
			runOnlyForDeploymentPostprocessing = 0;
		};
		F4D773092BE13559004B7004 /* Resources */ = {
			isa = PBXResourcesBuildPhase;
			buildActionMask = 2147483647;
			files = (
			);
			runOnlyForDeploymentPostprocessing = 0;
		};
		F4D773132BE13559004B7004 /* Resources */ = {
			isa = PBXResourcesBuildPhase;
			buildActionMask = 2147483647;
			files = (
			);
			runOnlyForDeploymentPostprocessing = 0;
		};
/* End PBXResourcesBuildPhase section */

/* Begin PBXSourcesBuildPhase section */
		F4D772F72BE13557004B7004 /* Sources */ = {
			isa = PBXSourcesBuildPhase;
			buildActionMask = 2147483647;
			files = (
				F4D773012BE13557004B7004 /* ContentView.swift in Sources */,
				F4D773292BE135CE004B7004 /* Button.swift in Sources */,
				F4D7732D2BE13804004B7004 /* gif.swift in Sources */,
				F4D772FF2BE13557004B7004 /* NatICApp.swift in Sources */,
			);
			runOnlyForDeploymentPostprocessing = 0;
		};
		F4D773072BE13559004B7004 /* Sources */ = {
			isa = PBXSourcesBuildPhase;
			buildActionMask = 2147483647;
			files = (
				F4D773102BE13559004B7004 /* NatICTests.swift in Sources */,
			);
			runOnlyForDeploymentPostprocessing = 0;
		};
		F4D773112BE13559004B7004 /* Sources */ = {
			isa = PBXSourcesBuildPhase;
			buildActionMask = 2147483647;
			files = (
				F4D7731C2BE13559004B7004 /* NatICUITestsLaunchTests.swift in Sources */,
				F4D7731A2BE13559004B7004 /* NatICUITests.swift in Sources */,
			);
			runOnlyForDeploymentPostprocessing = 0;
		};
/* End PBXSourcesBuildPhase section */

/* Begin PBXTargetDependency section */
		F4D7730D2BE13559004B7004 /* PBXTargetDependency */ = {
			isa = PBXTargetDependency;
			target = F4D772FA2BE13557004B7004 /* NatIC */;
			targetProxy = F4D7730C2BE13559004B7004 /* PBXContainerItemProxy */;
		};
		F4D773172BE13559004B7004 /* PBXTargetDependency */ = {
			isa = PBXTargetDependency;
			target = F4D772FA2BE13557004B7004 /* NatIC */;
			targetProxy = F4D773162BE13559004B7004 /* PBXContainerItemProxy */;
		};
/* End PBXTargetDependency section */

/* Begin XCBuildConfiguration section */
		F4D7731D2BE13559004B7004 /* Debug */ = {
			isa = XCBuildConfiguration;
			buildSettings = {
				ALWAYS_SEARCH_USER_PATHS = NO;
				ASSETCATALOG_COMPILER_GENERATE_SWIFT_ASSET_SYMBOL_EXTENSIONS = YES;
				CLANG_ANALYZER_NONNULL = YES;
				CLANG_ANALYZER_NUMBER_OBJECT_CONVERSION = YES_AGGRESSIVE;
				CLANG_CXX_LANGUAGE_STANDARD = "gnu++20";
				CLANG_ENABLE_MODULES = YES;
				CLANG_ENABLE_OBJC_ARC = YES;
				CLANG_ENABLE_OBJC_WEAK = YES;
				CLANG_WARN_BLOCK_CAPTURE_AUTORELEASING = YES;
				CLANG_WARN_BOOL_CONVERSION = YES;
				CLANG_WARN_COMMA = YES;
				CLANG_WARN_CONSTANT_CONVERSION = YES;
				CLANG_WARN_DEPRECATED_OBJC_IMPLEMENTATIONS = YES;
				CLANG_WARN_DIRECT_OBJC_ISA_USAGE = YES_ERROR;
				CLANG_WARN_DOCUMENTATION_COMMENTS = YES;
				CLANG_WARN_EMPTY_BODY = YES;
				CLANG_WARN_ENUM_CONVERSION = YES;
				CLANG_WARN_INFINITE_RECURSION = YES;
				CLANG_WARN_INT_CONVERSION = YES;
				CLANG_WARN_NON_LITERAL_NULL_CONVERSION = YES;
				CLANG_WARN_OBJC_IMPLICIT_RETAIN_SELF = YES;
				CLANG_WARN_OBJC_LITERAL_CONVERSION = YES;
				CLANG_WARN_OBJC_ROOT_CLASS = YES_ERROR;
				CLANG_WARN_QUOTED_INCLUDE_IN_FRAMEWORK_HEADER = YES;
				CLANG_WARN_RANGE_LOOP_ANALYSIS = YES;
				CLANG_WARN_STRICT_PROTOTYPES = YES;
				CLANG_WARN_SUSPICIOUS_MOVE = YES;
				CLANG_WARN_UNGUARDED_AVAILABILITY = YES_AGGRESSIVE;
				CLANG_WARN_UNREACHABLE_CODE = YES;
				CLANG_WARN__DUPLICATE_METHOD_MATCH = YES;
				COPY_PHASE_STRIP = NO;
				DEBUG_INFORMATION_FORMAT = dwarf;
				ENABLE_STRICT_OBJC_MSGSEND = YES;
				ENABLE_TESTABILITY = YES;
				ENABLE_USER_SCRIPT_SANDBOXING = YES;
				GCC_C_LANGUAGE_STANDARD = gnu17;
				GCC_DYNAMIC_NO_PIC = NO;
				GCC_NO_COMMON_BLOCKS = YES;
				GCC_OPTIMIZATION_LEVEL = 0;
				GCC_PREPROCESSOR_DEFINITIONS = (
					"DEBUG=1",
					"$(inherited)",
				);
				GCC_WARN_64_TO_32_BIT_CONVERSION = YES;
				GCC_WARN_ABOUT_RETURN_TYPE = YES_ERROR;
				GCC_WARN_UNDECLARED_SELECTOR = YES;
				GCC_WARN_UNINITIALIZED_AUTOS = YES_AGGRESSIVE;
				GCC_WARN_UNUSED_FUNCTION = YES;
				GCC_WARN_UNUSED_VARIABLE = YES;
				IPHONEOS_DEPLOYMENT_TARGET = 17.2;
				LOCALIZATION_PREFERS_STRING_CATALOGS = YES;
				MTL_ENABLE_DEBUG_INFO = INCLUDE_SOURCE;
				MTL_FAST_MATH = YES;
				ONLY_ACTIVE_ARCH = YES;
				SDKROOT = iphoneos;
				SWIFT_ACTIVE_COMPILATION_CONDITIONS = "DEBUG $(inherited)";
				SWIFT_OPTIMIZATION_LEVEL = "-Onone";
			};
			name = Debug;
		};
		F4D7731E2BE13559004B7004 /* Release */ = {
			isa = XCBuildConfiguration;
			buildSettings = {
				ALWAYS_SEARCH_USER_PATHS = NO;
				ASSETCATALOG_COMPILER_GENERATE_SWIFT_ASSET_SYMBOL_EXTENSIONS = YES;
				CLANG_ANALYZER_NONNULL = YES;
				CLANG_ANALYZER_NUMBER_OBJECT_CONVERSION = YES_AGGRESSIVE;
				CLANG_CXX_LANGUAGE_STANDARD = "gnu++20";
				CLANG_ENABLE_MODULES = YES;
				CLANG_ENABLE_OBJC_ARC = YES;
				CLANG_ENABLE_OBJC_WEAK = YES;
				CLANG_WARN_BLOCK_CAPTURE_AUTORELEASING = YES;
				CLANG_WARN_BOOL_CONVERSION = YES;
				CLANG_WARN_COMMA = YES;
				CLANG_WARN_CONSTANT_CONVERSION = YES;
				CLANG_WARN_DEPRECATED_OBJC_IMPLEMENTATIONS = YES;
				CLANG_WARN_DIRECT_OBJC_ISA_USAGE = YES_ERROR;
				CLANG_WARN_DOCUMENTATION_COMMENTS = YES;
				CLANG_WARN_EMPTY_BODY = YES;
				CLANG_WARN_ENUM_CONVERSION = YES;
				CLANG_WARN_INFINITE_RECURSION = YES;
				CLANG_WARN_INT_CONVERSION = YES;
				CLANG_WARN_NON_LITERAL_NULL_CONVERSION = YES;
				CLANG_WARN_OBJC_IMPLICIT_RETAIN_SELF = YES;
				CLANG_WARN_OBJC_LITERAL_CONVERSION = YES;
				CLANG_WARN_OBJC_ROOT_CLASS = YES_ERROR;
				CLANG_WARN_QUOTED_INCLUDE_IN_FRAMEWORK_HEADER = YES;
				CLANG_WARN_RANGE_LOOP_ANALYSIS = YES;
				CLANG_WARN_STRICT_PROTOTYPES = YES;
				CLANG_WARN_SUSPICIOUS_MOVE = YES;
				CLANG_WARN_UNGUARDED_AVAILABILITY = YES_AGGRESSIVE;
				CLANG_WARN_UNREACHABLE_CODE = YES;
				CLANG_WARN__DUPLICATE_METHOD_MATCH = YES;
				COPY_PHASE_STRIP = NO;
				DEBUG_INFORMATION_FORMAT = "dwarf-with-dsym";
				ENABLE_NS_ASSERTIONS = NO;
				ENABLE_STRICT_OBJC_MSGSEND = YES;
				ENABLE_USER_SCRIPT_SANDBOXING = YES;
				GCC_C_LANGUAGE_STANDARD = gnu17;
				GCC_NO_COMMON_BLOCKS = YES;
				GCC_WARN_64_TO_32_BIT_CONVERSION = YES;
				GCC_WARN_ABOUT_RETURN_TYPE = YES_ERROR;
				GCC_WARN_UNDECLARED_SELECTOR = YES;
				GCC_WARN_UNINITIALIZED_AUTOS = YES_AGGRESSIVE;
				GCC_WARN_UNUSED_FUNCTION = YES;
				GCC_WARN_UNUSED_VARIABLE = YES;
				IPHONEOS_DEPLOYMENT_TARGET = 17.2;
				LOCALIZATION_PREFERS_STRING_CATALOGS = YES;
				MTL_ENABLE_DEBUG_INFO = NO;
				MTL_FAST_MATH = YES;
				SDKROOT = iphoneos;
				SWIFT_COMPILATION_MODE = wholemodule;
				VALIDATE_PRODUCT = YES;
			};
			name = Release;
		};
		F4D773202BE13559004B7004 /* Debug */ = {
			isa = XCBuildConfiguration;
			buildSettings = {
				ASSETCATALOG_COMPILER_APPICON_NAME = AppIcon;
				ASSETCATALOG_COMPILER_GLOBAL_ACCENT_COLOR_NAME = AccentColor;
				CODE_SIGN_STYLE = Automatic;
				CURRENT_PROJECT_VERSION = 1;
				DEVELOPMENT_ASSET_PATHS = "\"NatIC/Preview Content\"";
				DEVELOPMENT_TEAM = K94TQ5Q9AL;
				ENABLE_PREVIEWS = YES;
				GENERATE_INFOPLIST_FILE = YES;
				INFOPLIST_KEY_UIApplicationSceneManifest_Generation = YES;
				INFOPLIST_KEY_UIApplicationSupportsIndirectInputEvents = YES;
				INFOPLIST_KEY_UILaunchScreen_Generation = YES;
				INFOPLIST_KEY_UISupportedInterfaceOrientations_iPad = "UIInterfaceOrientationPortrait UIInterfaceOrientationPortraitUpsideDown UIInterfaceOrientationLandscapeLeft UIInterfaceOrientationLandscapeRight";
				INFOPLIST_KEY_UISupportedInterfaceOrientations_iPhone = "UIInterfaceOrientationPortrait UIInterfaceOrientationLandscapeLeft UIInterfaceOrientationLandscapeRight";
				LD_RUNPATH_SEARCH_PATHS = (
					"$(inherited)",
					"@executable_path/Frameworks",
				);
				MARKETING_VERSION = 1.0;
				PRODUCT_BUNDLE_IDENTIFIER = wx.sg.NatIC;
				PRODUCT_NAME = "$(TARGET_NAME)";
				SWIFT_EMIT_LOC_STRINGS = YES;
				SWIFT_VERSION = 5.0;
				TARGETED_DEVICE_FAMILY = "1,2";
			};
			name = Debug;
		};
		F4D773212BE13559004B7004 /* Release */ = {
			isa = XCBuildConfiguration;
			buildSettings = {
				ASSETCATALOG_COMPILER_APPICON_NAME = AppIcon;
				ASSETCATALOG_COMPILER_GLOBAL_ACCENT_COLOR_NAME = AccentColor;
				CODE_SIGN_STYLE = Automatic;
				CURRENT_PROJECT_VERSION = 1;
				DEVELOPMENT_ASSET_PATHS = "\"NatIC/Preview Content\"";
				DEVELOPMENT_TEAM = K94TQ5Q9AL;
				ENABLE_PREVIEWS = YES;
				GENERATE_INFOPLIST_FILE = YES;
				INFOPLIST_KEY_UIApplicationSceneManifest_Generation = YES;
				INFOPLIST_KEY_UIApplicationSupportsIndirectInputEvents = YES;
				INFOPLIST_KEY_UILaunchScreen_Generation = YES;
				INFOPLIST_KEY_UISupportedInterfaceOrientations_iPad = "UIInterfaceOrientationPortrait UIInterfaceOrientationPortraitUpsideDown UIInterfaceOrientationLandscapeLeft UIInterfaceOrientationLandscapeRight";
				INFOPLIST_KEY_UISupportedInterfaceOrientations_iPhone = "UIInterfaceOrientationPortrait UIInterfaceOrientationLandscapeLeft UIInterfaceOrientationLandscapeRight";
				LD_RUNPATH_SEARCH_PATHS = (
					"$(inherited)",
					"@executable_path/Frameworks",
				);
				MARKETING_VERSION = 1.0;
				PRODUCT_BUNDLE_IDENTIFIER = wx.sg.NatIC;
				PRODUCT_NAME = "$(TARGET_NAME)";
				SWIFT_EMIT_LOC_STRINGS = YES;
				SWIFT_VERSION = 5.0;
				TARGETED_DEVICE_FAMILY = "1,2";
			};
			name = Release;
		};
		F4D773232BE13559004B7004 /* Debug */ = {
			isa = XCBuildConfiguration;
			buildSettings = {
				ALWAYS_EMBED_SWIFT_STANDARD_LIBRARIES = YES;
				BUNDLE_LOADER = "$(TEST_HOST)";
				CODE_SIGN_STYLE = Automatic;
				CURRENT_PROJECT_VERSION = 1;
				DEVELOPMENT_TEAM = K94TQ5Q9AL;
				GENERATE_INFOPLIST_FILE = YES;
				IPHONEOS_DEPLOYMENT_TARGET = 17.2;
				MARKETING_VERSION = 1.0;
				PRODUCT_BUNDLE_IDENTIFIER = wx.sg.NatICTests;
				PRODUCT_NAME = "$(TARGET_NAME)";
				SWIFT_EMIT_LOC_STRINGS = NO;
				SWIFT_VERSION = 5.0;
				TARGETED_DEVICE_FAMILY = "1,2";
				TEST_HOST = "$(BUILT_PRODUCTS_DIR)/NatIC.app/$(BUNDLE_EXECUTABLE_FOLDER_PATH)/NatIC";
			};
			name = Debug;
		};
		F4D773242BE13559004B7004 /* Release */ = {
			isa = XCBuildConfiguration;
			buildSettings = {
				ALWAYS_EMBED_SWIFT_STANDARD_LIBRARIES = YES;
				BUNDLE_LOADER = "$(TEST_HOST)";
				CODE_SIGN_STYLE = Automatic;
				CURRENT_PROJECT_VERSION = 1;
				DEVELOPMENT_TEAM = K94TQ5Q9AL;
				GENERATE_INFOPLIST_FILE = YES;
				IPHONEOS_DEPLOYMENT_TARGET = 17.2;
				MARKETING_VERSION = 1.0;
				PRODUCT_BUNDLE_IDENTIFIER = wx.sg.NatICTests;
				PRODUCT_NAME = "$(TARGET_NAME)";
				SWIFT_EMIT_LOC_STRINGS = NO;
				SWIFT_VERSION = 5.0;
				TARGETED_DEVICE_FAMILY = "1,2";
				TEST_HOST = "$(BUILT_PRODUCTS_DIR)/NatIC.app/$(BUNDLE_EXECUTABLE_FOLDER_PATH)/NatIC";
			};
			name = Release;
		};
		F4D773262BE13559004B7004 /* Debug */ = {
			isa = XCBuildConfiguration;
			buildSettings = {
				ALWAYS_EMBED_SWIFT_STANDARD_LIBRARIES = YES;
				CODE_SIGN_STYLE = Automatic;
				CURRENT_PROJECT_VERSION = 1;
				DEVELOPMENT_TEAM = K94TQ5Q9AL;
				GENERATE_INFOPLIST_FILE = YES;
				MARKETING_VERSION = 1.0;
				PRODUCT_BUNDLE_IDENTIFIER = wx.sg.NatICUITests;
				PRODUCT_NAME = "$(TARGET_NAME)";
				SWIFT_EMIT_LOC_STRINGS = NO;
				SWIFT_VERSION = 5.0;
				TARGETED_DEVICE_FAMILY = "1,2";
				TEST_TARGET_NAME = NatIC;
			};
			name = Debug;
		};
		F4D773272BE13559004B7004 /* Release */ = {
			isa = XCBuildConfiguration;
			buildSettings = {
				ALWAYS_EMBED_SWIFT_STANDARD_LIBRARIES = YES;
				CODE_SIGN_STYLE = Automatic;
				CURRENT_PROJECT_VERSION = 1;
				DEVELOPMENT_TEAM = K94TQ5Q9AL;
				GENERATE_INFOPLIST_FILE = YES;
				MARKETING_VERSION = 1.0;
				PRODUCT_BUNDLE_IDENTIFIER = wx.sg.NatICUITests;
				PRODUCT_NAME = "$(TARGET_NAME)";
				SWIFT_EMIT_LOC_STRINGS = NO;
				SWIFT_VERSION = 5.0;
				TARGETED_DEVICE_FAMILY = "1,2";
				TEST_TARGET_NAME = NatIC;
			};
			name = Release;
		};
/* End XCBuildConfiguration section */

/* Begin XCConfigurationList section */
		F4D772F62BE13557004B7004 /* Build configuration list for PBXProject "NatIC" */ = {
			isa = XCConfigurationList;
			buildConfigurations = (
				F4D7731D2BE13559004B7004 /* Debug */,
				F4D7731E2BE13559004B7004 /* Release */,
			);
			defaultConfigurationIsVisible = 0;
			defaultConfigurationName = Release;
		};
		F4D7731F2BE13559004B7004 /* Build configuration list for PBXNativeTarget "NatIC" */ = {
			isa = XCConfigurationList;
			buildConfigurations = (
				F4D773202BE13559004B7004 /* Debug */,
				F4D773212BE13559004B7004 /* Release */,
			);
			defaultConfigurationIsVisible = 0;
			defaultConfigurationName = Release;
		};
		F4D773222BE13559004B7004 /* Build configuration list for PBXNativeTarget "NatICTests" */ = {
			isa = XCConfigurationList;
			buildConfigurations = (
				F4D773232BE13559004B7004 /* Debug */,
				F4D773242BE13559004B7004 /* Release */,
			);
			defaultConfigurationIsVisible = 0;
			defaultConfigurationName = Release;
		};
		F4D773252BE13559004B7004 /* Build configuration list for PBXNativeTarget "NatICUITests" */ = {
			isa = XCConfigurationList;
			buildConfigurations = (
				F4D773262BE13559004B7004 /* Debug */,
				F4D773272BE13559004B7004 /* Release */,
			);
			defaultConfigurationIsVisible = 0;
			defaultConfigurationName = Release;
		};
/* End XCConfigurationList section */
	};
	rootObject = F4D772F32BE13557004B7004 /* Project object */;
}
